
Microsoft Visual Studio Solution File, Format Version 12.00
# Visual Studio Version 16
VisualStudioVersion = 16.0.31702.278
MinimumVisualStudioVersion = 10.0.40219.1
Project("{FAE04EC0-301F-11D3-BF4B-00C04F79EFBC}") = "HW18", "HW18\HW18.csproj", "{1AF1BDEE-5DAB-4C14-90CB-0A6B561F0F39}"
EndProject
Global
	GlobalSection(SolutionConfigurationPlatforms) = preSolution
		Debug|Any CPU = Debug|Any CPU
		Release|Any CPU = Release|Any CPU
	EndGlobalSection
	GlobalSection(ProjectConfigurationPlatforms) = postSolution
		{1AF1BDEE-5DAB-4C14-90CB-0A6B561F0F39}.Debug|Any CPU.ActiveCfg = Debug|Any CPU
		{1AF1BDEE-5DAB-4C14-90CB-0A6B561F0F39}.Debug|Any CPU.Build.0 = Debug|Any CPU
		{1AF1BDEE-5DAB-4C14-90CB-0A6B561F0F39}.Release|Any CPU.ActiveCfg = Release|Any CPU
		{1AF1BDEE-5DAB-4C14-90CB-0A6B561F0F39}.Release|Any CPU.Build.0 = Release|Any CPU
	EndGlobalSection
	GlobalSection(SolutionProperties) = preSolution
		HideSolutionNode = FALSE
	EndGlobalSection
	GlobalSection(ExtensibilityGlobals) = postSolution
		SolutionGuid = {3003A181-2397-41BC-A100-A1E78B99A364}
	EndGlobalSection
EndGlobal
